
Microsoft Visual Studio Solution File, Format Version 12.00
# Visual Studio 14
VisualStudioVersion = 14.0.23107.0
MinimumVisualStudioVersion = 10.0.40219.1
Project("{FAE04EC0-301F-11D3-BF4B-00C04F79EFBC}") = "EngineerInDev", "EngineerInDev\EngineerInDev.csproj", "{107FEA7F-21BC-45C5-9938-5DEF9CB8D192}"
EndProject
Project("{FAE04EC0-301F-11D3-BF4B-00C04F79EFBC}") = "EngineerInDev.Tests", "EngineerInDev.Tests\EngineerInDev.Tests.csproj", "{06750F61-84E7-4889-B366-28548E4F0A02}"
EndProject
Project("{FAE04EC0-301F-11D3-BF4B-00C04F79EFBC}") = "EngineerInDev.Core", "EngineerInDev.Core\EngineerInDev.Core.csproj", "{9C3EDE55-E48D-446B-8697-C81356421F4B}"
EndProject
Project("{FAE04EC0-301F-11D3-BF4B-00C04F79EFBC}") = "EngineerInDev.Dto", "EngineerInDev.Dto\EngineerInDev.Dto.csproj", "{4E8E12F2-BF62-4A6D-AB78-E29C71C4BE72}"
EndProject
Project("{FAE04EC0-301F-11D3-BF4B-00C04F79EFBC}") = "EngineerInDev.Elastic", "EngineerInDev.Elastic\EngineerInDev.Elastic.csproj", "{E6DE4346-B15A-48C1-82AE-3F9891107025}"
EndProject
Project("{FAE04EC0-301F-11D3-BF4B-00C04F79EFBC}") = "EngineerInDev.Services", "EngineerInDev.Services\EngineerInDev.Services.csproj", "{B2208D92-181B-4A71-B116-F60AB31A3AA6}"
EndProject
Project("{2150E333-8FDC-42A3-9474-1A3956D46DE8}") = ".nuget", ".nuget", "{328C115B-B19C-450C-940A-3B1BE49F59AE}"
	ProjectSection(SolutionItems) = preProject
		.nuget\NuGet.Config = .nuget\NuGet.Config
		.nuget\NuGet.exe = .nuget\NuGet.exe
		.nuget\NuGet.targets = .nuget\NuGet.targets
	EndProjectSection
EndProject
Project("{FAE04EC0-301F-11D3-BF4B-00C04F79EFBC}") = "EngineerInDev.DataAccess", "EngineerInDev.DataAccess\EngineerInDev.DataAccess.csproj", "{DD3B6E6B-07E0-4546-8601-53C7FCF88E54}"
EndProject
Global
	GlobalSection(SolutionConfigurationPlatforms) = preSolution
		Debug|Any CPU = Debug|Any CPU
		Debug|Mixed Platforms = Debug|Mixed Platforms
		Debug|Win32 = Debug|Win32
		Release|Any CPU = Release|Any CPU
		Release|Mixed Platforms = Release|Mixed Platforms
		Release|Win32 = Release|Win32
	EndGlobalSection
	GlobalSection(ProjectConfigurationPlatforms) = postSolution
		{107FEA7F-21BC-45C5-9938-5DEF9CB8D192}.Debug|Any CPU.ActiveCfg = Debug|Any CPU
		{107FEA7F-21BC-45C5-9938-5DEF9CB8D192}.Debug|Any CPU.Build.0 = Debug|Any CPU
		{107FEA7F-21BC-45C5-9938-5DEF9CB8D192}.Debug|Mixed Platforms.ActiveCfg = Debug|Any CPU
		{107FEA7F-21BC-45C5-9938-5DEF9CB8D192}.Debug|Mixed Platforms.Build.0 = Debug|Any CPU
		{107FEA7F-21BC-45C5-9938-5DEF9CB8D192}.Debug|Win32.ActiveCfg = Debug|Any CPU
		{107FEA7F-21BC-45C5-9938-5DEF9CB8D192}.Release|Any CPU.ActiveCfg = Release|Any CPU
		{107FEA7F-21BC-45C5-9938-5DEF9CB8D192}.Release|Any CPU.Build.0 = Release|Any CPU
		{107FEA7F-21BC-45C5-9938-5DEF9CB8D192}.Release|Mixed Platforms.ActiveCfg = Release|Any CPU
		{107FEA7F-21BC-45C5-9938-5DEF9CB8D192}.Release|Mixed Platforms.Build.0 = Release|Any CPU
		{107FEA7F-21BC-45C5-9938-5DEF9CB8D192}.Release|Win32.ActiveCfg = Release|Any CPU
		{06750F61-84E7-4889-B366-28548E4F0A02}.Debug|Any CPU.ActiveCfg = Debug|Any CPU
		{06750F61-84E7-4889-B366-28548E4F0A02}.Debug|Any CPU.Build.0 = Debug|Any CPU
		{06750F61-84E7-4889-B366-28548E4F0A02}.Debug|Mixed Platforms.ActiveCfg = Debug|Any CPU
		{06750F61-84E7-4889-B366-28548E4F0A02}.Debug|Mixed Platforms.Build.0 = Debug|Any CPU
		{06750F61-84E7-4889-B366-28548E4F0A02}.Debug|Win32.ActiveCfg = Debug|Any CPU
		{06750F61-84E7-4889-B366-28548E4F0A02}.Release|Any CPU.ActiveCfg = Release|Any CPU
		{06750F61-84E7-4889-B366-28548E4F0A02}.Release|Any CPU.Build.0 = Release|Any CPU
		{06750F61-84E7-4889-B366-28548E4F0A02}.Release|Mixed Platforms.ActiveCfg = Release|Any CPU
		{06750F61-84E7-4889-B366-28548E4F0A02}.Release|Mixed Platforms.Build.0 = Release|Any CPU
		{06750F61-84E7-4889-B366-28548E4F0A02}.Release|Win32.ActiveCfg = Release|Any CPU
		{9C3EDE55-E48D-446B-8697-C81356421F4B}.Debug|Any CPU.ActiveCfg = Debug|Any CPU
		{9C3EDE55-E48D-446B-8697-C81356421F4B}.Debug|Any CPU.Build.0 = Debug|Any CPU
		{9C3EDE55-E48D-446B-8697-C81356421F4B}.Debug|Mixed Platforms.ActiveCfg = Debug|Any CPU
		{9C3EDE55-E48D-446B-8697-C81356421F4B}.Debug|Mixed Platforms.Build.0 = Debug|Any CPU
		{9C3EDE55-E48D-446B-8697-C81356421F4B}.Debug|Win32.ActiveCfg = Debug|Any CPU
		{9C3EDE55-E48D-446B-8697-C81356421F4B}.Release|Any CPU.ActiveCfg = Release|Any CPU
		{9C3EDE55-E48D-446B-8697-C81356421F4B}.Release|Any CPU.Build.0 = Release|Any CPU
		{9C3EDE55-E48D-446B-8697-C81356421F4B}.Release|Mixed Platforms.ActiveCfg = Release|Any CPU
		{9C3EDE55-E48D-446B-8697-C81356421F4B}.Release|Mixed Platforms.Build.0 = Release|Any CPU
		{9C3EDE55-E48D-446B-8697-C81356421F4B}.Release|Win32.ActiveCfg = Release|Any CPU
		{4E8E12F2-BF62-4A6D-AB78-E29C71C4BE72}.Debug|Any CPU.ActiveCfg = Debug|Any CPU
		{4E8E12F2-BF62-4A6D-AB78-E29C71C4BE72}.Debug|Any CPU.Build.0 = Debug|Any CPU
		{4E8E12F2-BF62-4A6D-AB78-E29C71C4BE72}.Debug|Mixed Platforms.ActiveCfg = Debug|Any CPU
		{4E8E12F2-BF62-4A6D-AB78-E29C71C4BE72}.Debug|Mixed Platforms.Build.0 = Debug|Any CPU
		{4E8E12F2-BF62-4A6D-AB78-E29C71C4BE72}.Debug|Win32.ActiveCfg = Debug|Any CPU
		{4E8E12F2-BF62-4A6D-AB78-E29C71C4BE72}.Release|Any CPU.ActiveCfg = Release|Any CPU
		{4E8E12F2-BF62-4A6D-AB78-E29C71C4BE72}.Release|Any CPU.Build.0 = Release|Any CPU
		{4E8E12F2-BF62-4A6D-AB78-E29C71C4BE72}.Release|Mixed Platforms.ActiveCfg = Release|Any CPU
		{4E8E12F2-BF62-4A6D-AB78-E29C71C4BE72}.Release|Mixed Platforms.Build.0 = Release|Any CPU
		{4E8E12F2-BF62-4A6D-AB78-E29C71C4BE72}.Release|Win32.ActiveCfg = Release|Any CPU
		{E6DE4346-B15A-48C1-82AE-3F9891107025}.Debug|Any CPU.ActiveCfg = Debug|Any CPU
		{E6DE4346-B15A-48C1-82AE-3F9891107025}.Debug|Any CPU.Build.0 = Debug|Any CPU
		{E6DE4346-B15A-48C1-82AE-3F9891107025}.Debug|Mixed Platforms.ActiveCfg = Debug|Any CPU
		{E6DE4346-B15A-48C1-82AE-3F9891107025}.Debug|Mixed Platforms.Build.0 = Debug|Any CPU
		{E6DE4346-B15A-48C1-82AE-3F9891107025}.Debug|Win32.ActiveCfg = Debug|Any CPU
		{E6DE4346-B15A-48C1-82AE-3F9891107025}.Release|Any CPU.ActiveCfg = Release|Any CPU
		{E6DE4346-B15A-48C1-82AE-3F9891107025}.Release|Any CPU.Build.0 = Release|Any CPU
		{E6DE4346-B15A-48C1-82AE-3F9891107025}.Release|Mixed Platforms.ActiveCfg = Release|Any CPU
		{E6DE4346-B15A-48C1-82AE-3F9891107025}.Release|Mixed Platforms.Build.0 = Release|Any CPU
		{E6DE4346-B15A-48C1-82AE-3F9891107025}.Release|Win32.ActiveCfg = Release|Any CPU
		{B2208D92-181B-4A71-B116-F60AB31A3AA6}.Debug|Any CPU.ActiveCfg = Debug|Any CPU
		{B2208D92-181B-4A71-B116-F60AB31A3AA6}.Debug|Any CPU.Build.0 = Debug|Any CPU
		{B2208D92-181B-4A71-B116-F60AB31A3AA6}.Debug|Mixed Platforms.ActiveCfg = Debug|Any CPU
		{B2208D92-181B-4A71-B116-F60AB31A3AA6}.Debug|Mixed Platforms.Build.0 = Debug|Any CPU
		{B2208D92-181B-4A71-B116-F60AB31A3AA6}.Debug|Win32.ActiveCfg = Debug|Any CPU
		{B2208D92-181B-4A71-B116-F60AB31A3AA6}.Release|Any CPU.ActiveCfg = Release|Any CPU
		{B2208D92-181B-4A71-B116-F60AB31A3AA6}.Release|Any CPU.Build.0 = Release|Any CPU
		{B2208D92-181B-4A71-B116-F60AB31A3AA6}.Release|Mixed Platforms.ActiveCfg = Release|Any CPU
		{B2208D92-181B-4A71-B116-F60AB31A3AA6}.Release|Mixed Platforms.Build.0 = Release|Any CPU
		{B2208D92-181B-4A71-B116-F60AB31A3AA6}.Release|Win32.ActiveCfg = Release|Any CPU
		{DD3B6E6B-07E0-4546-8601-53C7FCF88E54}.Debug|Any CPU.ActiveCfg = Debug|Any CPU
		{DD3B6E6B-07E0-4546-8601-53C7FCF88E54}.Debug|Any CPU.Build.0 = Debug|Any CPU
		{DD3B6E6B-07E0-4546-8601-53C7FCF88E54}.Debug|Mixed Platforms.ActiveCfg = Debug|Any CPU
		{DD3B6E6B-07E0-4546-8601-53C7FCF88E54}.Debug|Mixed Platforms.Build.0 = Debug|Any CPU
		{DD3B6E6B-07E0-4546-8601-53C7FCF88E54}.Debug|Win32.ActiveCfg = Debug|Any CPU
		{DD3B6E6B-07E0-4546-8601-53C7FCF88E54}.Debug|Win32.Build.0 = Debug|Any CPU
		{DD3B6E6B-07E0-4546-8601-53C7FCF88E54}.Release|Any CPU.ActiveCfg = Release|Any CPU
		{DD3B6E6B-07E0-4546-8601-53C7FCF88E54}.Release|Any CPU.Build.0 = Release|Any CPU
		{DD3B6E6B-07E0-4546-8601-53C7FCF88E54}.Release|Mixed Platforms.ActiveCfg = Release|Any CPU
		{DD3B6E6B-07E0-4546-8601-53C7FCF88E54}.Release|Mixed Platforms.Build.0 = Release|Any CPU
		{DD3B6E6B-07E0-4546-8601-53C7FCF88E54}.Release|Win32.ActiveCfg = Release|Any CPU
		{DD3B6E6B-07E0-4546-8601-53C7FCF88E54}.Release|Win32.Build.0 = Release|Any CPU
	EndGlobalSection
	GlobalSection(SolutionProperties) = preSolution
		HideSolutionNode = FALSE
	EndGlobalSection
EndGlobal
